{
  "meteor": {
    "git": "https://github.com/meteor/meteor.git",
    "branch": "master",
    "commit": "68dafc94c5f1eb6cf2350ee74e9f65130f665bc5"
  },
  "dependencies": {
    "basePackages": {
      "angularjs": {}
    },
    "packages": {
      "angularjs": {
        "git": "https://github.com/lvbreda/Meteor_angularjs.git",
        "tag": "v0.5.0",
        "commit": "d0364927b82d94406b05a1902dc66a1508b1505c"
      }
    }
  }
}
